
Microsoft Visual Studio Solution File, Format Version 12.00
# Visual Studio 14
VisualStudioVersion = 14.0.25420.1
MinimumVisualStudioVersion = 10.0.40219.1
Project("{F184B08F-C81C-45F6-A57F-5ABD9991F28F}") = "kkrull1b1", "kkrull1b1\kkrull1b1.vbproj", "{C9B8EED5-1730-46D7-80E8-2B91395E309E}"
EndProject
Project("{F184B08F-C81C-45F6-A57F-5ABD9991F28F}") = "kkrull1c1", "kkrull1c1\kkrull1c1.vbproj", "{8B1F64E8-B164-4002-9950-AD0605A014DC}"
EndProject
Project("{F184B08F-C81C-45F6-A57F-5ABD9991F28F}") = "kkrull1d1.vbproj", "kkrull1d1\kkrull1d1.vbproj.vbproj", "{7691698E-10E6-4345-BDAA-97C98B4DAACE}"
EndProject
Project("{F184B08F-C81C-45F6-A57F-5ABD9991F28F}") = "kkrull1e1", "kkrull1e1\kkrull1e1.vbproj", "{6561F37D-DF96-41A1-B742-827B6202DC59}"
EndProject
Project("{F184B08F-C81C-45F6-A57F-5ABD9991F28F}") = "kkrull1f1", "kkrull1f1\kkrull1f1.vbproj", "{8B770A1B-C676-45A7-95B3-188DD516CB51}"
EndProject
Project("{F184B08F-C81C-45F6-A57F-5ABD9991F28F}") = "kkrull1g1", "kkrull1g1\kkrull1g1.vbproj", "{21DA9639-0A30-4976-B3C0-8F80B667E938}"
EndProject
Project("{F184B08F-C81C-45F6-A57F-5ABD9991F28F}") = "kkrull1h1", "kkrull1h1\kkrull1h1.vbproj", "{04CC6B07-A483-4FF6-AB8C-50E71BE04556}"
EndProject
Global
	GlobalSection(SolutionConfigurationPlatforms) = preSolution
		Debug|Any CPU = Debug|Any CPU
		Release|Any CPU = Release|Any CPU
	EndGlobalSection
	GlobalSection(ProjectConfigurationPlatforms) = postSolution
		{C9B8EED5-1730-46D7-80E8-2B91395E309E}.Debug|Any CPU.ActiveCfg = Debug|Any CPU
		{C9B8EED5-1730-46D7-80E8-2B91395E309E}.Debug|Any CPU.Build.0 = Debug|Any CPU
		{C9B8EED5-1730-46D7-80E8-2B91395E309E}.Release|Any CPU.ActiveCfg = Release|Any CPU
		{C9B8EED5-1730-46D7-80E8-2B91395E309E}.Release|Any CPU.Build.0 = Release|Any CPU
		{8B1F64E8-B164-4002-9950-AD0605A014DC}.Debug|Any CPU.ActiveCfg = Debug|Any CPU
		{8B1F64E8-B164-4002-9950-AD0605A014DC}.Debug|Any CPU.Build.0 = Debug|Any CPU
		{8B1F64E8-B164-4002-9950-AD0605A014DC}.Release|Any CPU.ActiveCfg = Release|Any CPU
		{8B1F64E8-B164-4002-9950-AD0605A014DC}.Release|Any CPU.Build.0 = Release|Any CPU
		{7691698E-10E6-4345-BDAA-97C98B4DAACE}.Debug|Any CPU.ActiveCfg = Debug|Any CPU
		{7691698E-10E6-4345-BDAA-97C98B4DAACE}.Debug|Any CPU.Build.0 = Debug|Any CPU
		{7691698E-10E6-4345-BDAA-97C98B4DAACE}.Release|Any CPU.ActiveCfg = Release|Any CPU
		{7691698E-10E6-4345-BDAA-97C98B4DAACE}.Release|Any CPU.Build.0 = Release|Any CPU
		{6561F37D-DF96-41A1-B742-827B6202DC59}.Debug|Any CPU.ActiveCfg = Debug|Any CPU
		{6561F37D-DF96-41A1-B742-827B6202DC59}.Debug|Any CPU.Build.0 = Debug|Any CPU
		{6561F37D-DF96-41A1-B742-827B6202DC59}.Release|Any CPU.ActiveCfg = Release|Any CPU
		{6561F37D-DF96-41A1-B742-827B6202DC59}.Release|Any CPU.Build.0 = Release|Any CPU
		{8B770A1B-C676-45A7-95B3-188DD516CB51}.Debug|Any CPU.ActiveCfg = Debug|Any CPU
		{8B770A1B-C676-45A7-95B3-188DD516CB51}.Debug|Any CPU.Build.0 = Debug|Any CPU
		{8B770A1B-C676-45A7-95B3-188DD516CB51}.Release|Any CPU.ActiveCfg = Release|Any CPU
		{8B770A1B-C676-45A7-95B3-188DD516CB51}.Release|Any CPU.Build.0 = Release|Any CPU
		{21DA9639-0A30-4976-B3C0-8F80B667E938}.Debug|Any CPU.ActiveCfg = Debug|Any CPU
		{21DA9639-0A30-4976-B3C0-8F80B667E938}.Debug|Any CPU.Build.0 = Debug|Any CPU
		{21DA9639-0A30-4976-B3C0-8F80B667E938}.Release|Any CPU.ActiveCfg = Release|Any CPU
		{21DA9639-0A30-4976-B3C0-8F80B667E938}.Release|Any CPU.Build.0 = Release|Any CPU
		{04CC6B07-A483-4FF6-AB8C-50E71BE04556}.Debug|Any CPU.ActiveCfg = Debug|Any CPU
		{04CC6B07-A483-4FF6-AB8C-50E71BE04556}.Debug|Any CPU.Build.0 = Debug|Any CPU
		{04CC6B07-A483-4FF6-AB8C-50E71BE04556}.Release|Any CPU.ActiveCfg = Release|Any CPU
		{04CC6B07-A483-4FF6-AB8C-50E71BE04556}.Release|Any CPU.Build.0 = Release|Any CPU
	EndGlobalSection
	GlobalSection(SolutionProperties) = preSolution
		HideSolutionNode = FALSE
	EndGlobalSection
EndGlobal
